
Microsoft Visual Studio Solution File, Format Version 12.00
# Visual Studio Version 16
VisualStudioVersion = 16.0.29215.179
MinimumVisualStudioVersion = 10.0.40219.1
Project("{FAE04EC0-301F-11D3-BF4B-00C04F79EFBC}") = "sudoku", "sudoku\sudoku.csproj", "{EFD8900A-ABCA-48E2-ADB8-F67919A61A9A}"
EndProject
Global
	GlobalSection(SolutionConfigurationPlatforms) = preSolution
		Debug|Any CPU = Debug|Any CPU
		Release|Any CPU = Release|Any CPU
	EndGlobalSection
	GlobalSection(ProjectConfigurationPlatforms) = postSolution
		{EFD8900A-ABCA-48E2-ADB8-F67919A61A9A}.Debug|Any CPU.ActiveCfg = Debug|Any CPU
		{EFD8900A-ABCA-48E2-ADB8-F67919A61A9A}.Debug|Any CPU.Build.0 = Debug|Any CPU
		{EFD8900A-ABCA-48E2-ADB8-F67919A61A9A}.Release|Any CPU.ActiveCfg = Release|Any CPU
		{EFD8900A-ABCA-48E2-ADB8-F67919A61A9A}.Release|Any CPU.Build.0 = Release|Any CPU
	EndGlobalSection
	GlobalSection(SolutionProperties) = preSolution
		HideSolutionNode = FALSE
	EndGlobalSection
	GlobalSection(ExtensibilityGlobals) = postSolution
		SolutionGuid = {696CF1AA-0678-4BA4-9C38-EF97677F05FF}
	EndGlobalSection
EndGlobal
